
Microsoft Visual Studio Solution File, Format Version 12.00
# Visual Studio Version 16
VisualStudioVersion = 16.0.30204.135
MinimumVisualStudioVersion = 10.0.40219.1
Project("{8BC9CEB8-8B4A-11D0-8D11-00A0C91BC942}") = "C programming", "C programming\C programming.vcxproj", "{FE487191-D240-4DDC-99A0-B828628043C7}"
EndProject
Global
	GlobalSection(SolutionConfigurationPlatforms) = preSolution
		Debug|x64 = Debug|x64
		Debug|x86 = Debug|x86
		Release|x64 = Release|x64
		Release|x86 = Release|x86
	EndGlobalSection
	GlobalSection(ProjectConfigurationPlatforms) = postSolution
		{FE487191-D240-4DDC-99A0-B828628043C7}.Debug|x64.ActiveCfg = Debug|x64
		{FE487191-D240-4DDC-99A0-B828628043C7}.Debug|x64.Build.0 = Debug|x64
		{FE487191-D240-4DDC-99A0-B828628043C7}.Debug|x86.ActiveCfg = Debug|Win32
		{FE487191-D240-4DDC-99A0-B828628043C7}.Debug|x86.Build.0 = Debug|Win32
		{FE487191-D240-4DDC-99A0-B828628043C7}.Release|x64.ActiveCfg = Release|x64
		{FE487191-D240-4DDC-99A0-B828628043C7}.Release|x64.Build.0 = Release|x64
		{FE487191-D240-4DDC-99A0-B828628043C7}.Release|x86.ActiveCfg = Release|Win32
		{FE487191-D240-4DDC-99A0-B828628043C7}.Release|x86.Build.0 = Release|Win32
	EndGlobalSection
	GlobalSection(SolutionProperties) = preSolution
		HideSolutionNode = FALSE
	EndGlobalSection
	GlobalSection(ExtensibilityGlobals) = postSolution
		SolutionGuid = {64C52426-793E-4A3B-B440-D5C16EF385D0}
	EndGlobalSection
EndGlobal
